
Microsoft Visual Studio Solution File, Format Version 12.00
# Visual Studio 2013
VisualStudioVersion = 12.0.21005.1
MinimumVisualStudioVersion = 10.0.40219.1
Project("{8BC9CEB8-8B4A-11D0-8D11-00A0C91BC942}") = "AutoTrader", "AutoTrader\AutoTrader.vcxproj", "{D611D0BA-5ED4-4C8D-A3C3-6C161CC33D30}"
	ProjectSection(ProjectDependencies) = postProject
		{1E6C2C1C-6453-4129-AE3F-0EE8E6599C89} = {1E6C2C1C-6453-4129-AE3F-0EE8E6599C89}
	EndProjectSection
EndProject
Project("{8BC9CEB8-8B4A-11D0-8D11-00A0C91BC942}") = "lib_json", "lib_json\lib_json.vcxproj", "{1E6C2C1C-6453-4129-AE3F-0EE8E6599C89}"
EndProject
Global
	GlobalSection(SolutionConfigurationPlatforms) = preSolution
		Debug|Win32 = Debug|Win32
		Debug|x64 = Debug|x64
		Release|Win32 = Release|Win32
		Release|x64 = Release|x64
	EndGlobalSection
	GlobalSection(ProjectConfigurationPlatforms) = postSolution
		{D611D0BA-5ED4-4C8D-A3C3-6C161CC33D30}.Debug|Win32.ActiveCfg = Debug|x64
		{D611D0BA-5ED4-4C8D-A3C3-6C161CC33D30}.Debug|Win32.Build.0 = Debug|x64
		{D611D0BA-5ED4-4C8D-A3C3-6C161CC33D30}.Debug|x64.ActiveCfg = Debug|x64
		{D611D0BA-5ED4-4C8D-A3C3-6C161CC33D30}.Debug|x64.Build.0 = Debug|x64
		{D611D0BA-5ED4-4C8D-A3C3-6C161CC33D30}.Release|Win32.ActiveCfg = Release|Win32
		{D611D0BA-5ED4-4C8D-A3C3-6C161CC33D30}.Release|Win32.Build.0 = Release|Win32
		{D611D0BA-5ED4-4C8D-A3C3-6C161CC33D30}.Release|x64.ActiveCfg = Release|x64
		{D611D0BA-5ED4-4C8D-A3C3-6C161CC33D30}.Release|x64.Build.0 = Release|x64
		{1E6C2C1C-6453-4129-AE3F-0EE8E6599C89}.Debug|Win32.ActiveCfg = Debug|Win32
		{1E6C2C1C-6453-4129-AE3F-0EE8E6599C89}.Debug|Win32.Build.0 = Debug|Win32
		{1E6C2C1C-6453-4129-AE3F-0EE8E6599C89}.Debug|x64.ActiveCfg = Debug|x64
		{1E6C2C1C-6453-4129-AE3F-0EE8E6599C89}.Debug|x64.Build.0 = Debug|x64
		{1E6C2C1C-6453-4129-AE3F-0EE8E6599C89}.Release|Win32.ActiveCfg = Release|Win32
		{1E6C2C1C-6453-4129-AE3F-0EE8E6599C89}.Release|Win32.Build.0 = Release|Win32
		{1E6C2C1C-6453-4129-AE3F-0EE8E6599C89}.Release|x64.ActiveCfg = Release|x64
		{1E6C2C1C-6453-4129-AE3F-0EE8E6599C89}.Release|x64.Build.0 = Release|x64
	EndGlobalSection
	GlobalSection(SolutionProperties) = preSolution
		HideSolutionNode = FALSE
	EndGlobalSection
EndGlobal
