<?xml version="1.0" encoding="utf-8"?>
<Project ToolsVersion="4.0" xmlns="http://schemas.microsoft.com/developer/msbuild/2003">
  <ItemGroup>
    <Filter Include="Source Files">
      <UniqueIdentifier>{4FC737F1-C7A5-4376-A066-2A32D752A2FF}</UniqueIdentifier>
      <Extensions>cpp;c;cc;cxx;def;odl;idl;hpj;bat;asm;asmx</Extensions>
    </Filter>
    <Filter Include="Header Files">
      <UniqueIdentifier>{93995380-89BD-4b04-88EB-625FBE52EBFB}</UniqueIdentifier>
      <Extensions>h;hh;hpp;hxx;hm;inl;inc;xsd</Extensions>
    </Filter>
    <Filter Include="Resource Files">
      <UniqueIdentifier>{67DA6AB6-F800-4c08-8B7A-83BB121AAD01}</UniqueIdentifier>
      <Extensions>rc;ico;cur;bmp;dlg;rc2;rct;bin;rgs;gif;jpg;jpeg;jpe;resx;tiff;tif;png;wav;mfcribbon-ms</Extensions>
    </Filter>
    <Filter Include="include">
      <UniqueIdentifier>{2be6b69d-9721-4337-a577-cc2ef8ecdbbe}</UniqueIdentifier>
    </Filter>
    <Filter Include="Header Files\MACrossStratgy">
      <UniqueIdentifier>{55f5bfed-66a6-4801-b4cd-d95b2927b3d6}</UniqueIdentifier>
    </Filter>
    <Filter Include="Source Files\MACrossStratgy">
      <UniqueIdentifier>{d6b2ef8d-e86d-43ee-a545-4cd9d2d38667}</UniqueIdentifier>
    </Filter>
    <Filter Include="Header Files\Tech">
      <UniqueIdentifier>{5367d900-c2c1-46b0-8715-be11b731e6a9}</UniqueIdentifier>
    </Filter>
    <Filter Include="Source Files\Tech">
      <UniqueIdentifier>{1c5ac626-fc0a-48c9-b46e-21f0911d6965}</UniqueIdentifier>
    </Filter>
  </ItemGroup>
  <ItemGroup>
    <Text Include="ReadMe.txt" />
  </ItemGroup>
  <ItemGroup>
    <ClInclude Include="stdafx.h">
      <Filter>Header Files</Filter>
    </ClInclude>
    <ClInclude Include="targetver.h">
      <Filter>Header Files</Filter>
    </ClInclude>
    <ClInclude Include="config.h">
      <Filter>Header Files</Filter>
    </ClInclude>
    <ClInclude Include="mdspi.h">
      <Filter>Header Files</Filter>
    </ClInclude>
    <ClInclude Include="..\include\ThostFtdcMdApi.h">
      <Filter>include</Filter>
    </ClInclude>
    <ClInclude Include="..\include\ThostFtdcTraderApi.h">
      <Filter>include</Filter>
    </ClInclude>
    <ClInclude Include="..\include\ThostFtdcUserApiDataType.h">
      <Filter>include</Filter>
    </ClInclude>
    <ClInclude Include="..\include\ThostFtdcUserApiStruct.h">
      <Filter>include</Filter>
    </ClInclude>
    <ClInclude Include="Order.h">
      <Filter>Header Files</Filter>
    </ClInclude>
    <ClInclude Include="OrderQueue.h">
      <Filter>Header Files</Filter>
    </ClInclude>
    <ClInclude Include="Strategy.h">
      <Filter>Header Files</Filter>
    </ClInclude>
    <ClInclude Include="ThostFtdcDepthMDFieldWrapper.h">
      <Filter>Header Files</Filter>
    </ClInclude>
    <ClInclude Include="mysqlwrapper.h">
      <Filter>Header Files</Filter>
    </ClInclude>
    <ClInclude Include="DBWrapper.h">
      <Filter>Header Files</Filter>
    </ClInclude>
    <ClInclude Include="RealTimeDataProcessor.h">
      <Filter>Header Files</Filter>
    </ClInclude>
    <ClInclude Include="RealTimeDataProcessorPool.h">
      <Filter>Header Files</Filter>
    </ClInclude>
    <ClInclude Include="ini_parser.h">
      <Filter>Header Files</Filter>
    </ClInclude>
    <ClInclude Include="resource.h">
      <Filter>Header Files</Filter>
    </ClInclude>
    <ClInclude Include="AccountManger.h">
      <Filter>Header Files</Filter>
    </ClInclude>
    <ClInclude Include="TechVec.h">
      <Filter>Header Files</Filter>
    </ClInclude>
    <ClInclude Include="CommonUtils.h">
      <Filter>Header Files</Filter>
    </ClInclude>
    <ClInclude Include="unittest.h">
      <Filter>Header Files</Filter>
    </ClInclude>
    <ClInclude Include="AMACrossStratgy.h">
      <Filter>Header Files\MACrossStratgy</Filter>
    </ClInclude>
    <ClInclude Include="MACrossStratgy.h">
      <Filter>Header Files\MACrossStratgy</Filter>
    </ClInclude>
    <ClInclude Include="WMACrossStratgy.h">
      <Filter>Header Files\MACrossStratgy</Filter>
    </ClInclude>
    <ClInclude Include="EMACrossStratgy.h">
      <Filter>Header Files\MACrossStratgy</Filter>
    </ClInclude>
    <ClInclude Include="MACrossBOLLTech.h">
      <Filter>Header Files</Filter>
    </ClInclude>
    <ClInclude Include="MACrossBOLLStrategy.h">
      <Filter>Header Files</Filter>
    </ClInclude>
    <ClInclude Include="MATech.h">
      <Filter>Header Files\Tech</Filter>
    </ClInclude>
    <ClInclude Include="BOLLTech.h">
      <Filter>Header Files\Tech</Filter>
    </ClInclude>
  </ItemGroup>
  <ItemGroup>
    <ClCompile Include="stdafx.cpp">
      <Filter>Source Files</Filter>
    </ClCompile>
    <ClCompile Include="AutoTrader.cpp">
      <Filter>Source Files</Filter>
    </ClCompile>
    <ClCompile Include="mdspi.cpp">
      <Filter>Source Files</Filter>
    </ClCompile>
    <ClCompile Include="Order.cpp">
      <Filter>Source Files</Filter>
    </ClCompile>
    <ClCompile Include="ThostFtdcDepthMDFieldWrapper.cpp">
      <Filter>Source Files</Filter>
    </ClCompile>
    <ClCompile Include="DBWrapper.cpp">
      <Filter>Source Files</Filter>
    </ClCompile>
    <ClCompile Include="RealTimeDataProcessor.cpp">
      <Filter>Source Files</Filter>
    </ClCompile>
    <ClCompile Include="RealTimeDataProcessorPool.cpp">
      <Filter>Source Files</Filter>
    </ClCompile>
    <ClCompile Include="config.cpp">
      <Filter>Source Files</Filter>
    </ClCompile>
    <ClCompile Include="AccountManger.cpp">
      <Filter>Source Files</Filter>
    </ClCompile>
    <ClCompile Include="mysqlwrapper.cpp">
      <Filter>Source Files</Filter>
    </ClCompile>
    <ClCompile Include="CommonUtils.cpp">
      <Filter>Source Files</Filter>
    </ClCompile>
    <ClCompile Include="AMACrossStratgy.cpp">
      <Filter>Source Files\MACrossStratgy</Filter>
    </ClCompile>
    <ClCompile Include="MACrossStratgy.cpp">
      <Filter>Source Files\MACrossStratgy</Filter>
    </ClCompile>
    <ClCompile Include="WMACrossStratgy.cpp">
      <Filter>Source Files\MACrossStratgy</Filter>
    </ClCompile>
    <ClCompile Include="EMACrossStratgy.cpp">
      <Filter>Source Files\MACrossStratgy</Filter>
    </ClCompile>
    <ClCompile Include="MACrossBOLLTech.cpp">
      <Filter>Source Files</Filter>
    </ClCompile>
    <ClCompile Include="MACrossBOLLStrategy.cpp">
      <Filter>Source Files</Filter>
    </ClCompile>
    <ClCompile Include="MATech.cpp">
      <Filter>Source Files\Tech</Filter>
    </ClCompile>
    <ClCompile Include="BOLLTech.cpp">
      <Filter>Source Files\Tech</Filter>
    </ClCompile>
  </ItemGroup>
  <ItemGroup>
    <ResourceCompile Include="AutoTrader.rc">
      <Filter>Resource Files</Filter>
    </ResourceCompile>
  </ItemGroup>
</Project>