<?xml version="1.0" encoding="utf-8"?>
<Project ToolsVersion="4.0" xmlns="http://schemas.microsoft.com/developer/msbuild/2003">
  <ItemGroup>
    <Filter Include="Source Files">
      <UniqueIdentifier>{4FC737F1-C7A5-4376-A066-2A32D752A2FF}</UniqueIdentifier>
      <Extensions>cpp;c;cc;cxx;def;odl;idl;hpj;bat;asm;asmx</Extensions>
    </Filter>
    <Filter Include="Header Files">
      <UniqueIdentifier>{93995380-89BD-4b04-88EB-625FBE52EBFB}</UniqueIdentifier>
      <Extensions>h;hh;hpp;hxx;hm;inl;inc;xsd</Extensions>
    </Filter>
    <Filter Include="Resource Files">
      <UniqueIdentifier>{67DA6AB6-F800-4c08-8B7A-83BB121AAD01}</UniqueIdentifier>
      <Extensions>rc;ico;cur;bmp;dlg;rc2;rct;bin;rgs;gif;jpg;jpeg;jpe;resx;tiff;tif;png;wav;mfcribbon-ms</Extensions>
    </Filter>
    <Filter Include="include">
      <UniqueIdentifier>{2be6b69d-9721-4337-a577-cc2ef8ecdbbe}</UniqueIdentifier>
    </Filter>
    <Filter Include="Header Files\MultiThreadClass">
      <UniqueIdentifier>{1679c759-104e-4ff9-a9a4-d740702b2a66}</UniqueIdentifier>
    </Filter>
    <Filter Include="Header Files\Transmission">
      <UniqueIdentifier>{481d96fe-a197-4fdf-bbd3-b16a5b170f2c}</UniqueIdentifier>
    </Filter>
    <Filter Include="Source Files\Transmission">
      <UniqueIdentifier>{7eae3745-6cd3-41e4-8a2e-e42f35c9dfe1}</UniqueIdentifier>
    </Filter>
  </ItemGroup>
  <ItemGroup>
    <Text Include="ReadMe.txt" />
  </ItemGroup>
  <ItemGroup>
    <ClInclude Include="stdafx.h">
      <Filter>Header Files</Filter>
    </ClInclude>
    <ClInclude Include="targetver.h">
      <Filter>Header Files</Filter>
    </ClInclude>
    <ClInclude Include="config.h">
      <Filter>Header Files</Filter>
    </ClInclude>
    <ClInclude Include="mdspi.h">
      <Filter>Header Files</Filter>
    </ClInclude>
    <ClInclude Include="..\include\ThostFtdcMdApi.h">
      <Filter>include</Filter>
    </ClInclude>
    <ClInclude Include="..\include\ThostFtdcTraderApi.h">
      <Filter>include</Filter>
    </ClInclude>
    <ClInclude Include="..\include\ThostFtdcUserApiDataType.h">
      <Filter>include</Filter>
    </ClInclude>
    <ClInclude Include="..\include\ThostFtdcUserApiStruct.h">
      <Filter>include</Filter>
    </ClInclude>
    <ClInclude Include="RealTimeDataProcessor.h">
      <Filter>Header Files</Filter>
    </ClInclude>
    <ClInclude Include="RealTimeDataProcessorPool.h">
      <Filter>Header Files</Filter>
    </ClInclude>
    <ClInclude Include="ini_parser.h">
      <Filter>Header Files</Filter>
    </ClInclude>
    <ClInclude Include="resource.h">
      <Filter>Header Files</Filter>
    </ClInclude>
    <ClInclude Include="unittest.h">
      <Filter>Header Files</Filter>
    </ClInclude>
    <ClInclude Include="tradespi.h">
      <Filter>Header Files</Filter>
    </ClInclude>
    <ClInclude Include="InstrumentInfoMgr.h">
      <Filter>Header Files</Filter>
    </ClInclude>
    <ClInclude Include="socket_server_impl.h">
      <Filter>Header Files\Transmission</Filter>
    </ClInclude>
    <ClInclude Include="socket_server.h">
      <Filter>Header Files\Transmission</Filter>
    </ClInclude>
    <ClInclude Include="remote_user_action.h">
      <Filter>Header Files\Transmission</Filter>
    </ClInclude>
    <ClInclude Include="Account.h">
      <Filter>Header Files</Filter>
    </ClInclude>
    <ClInclude Include="ActionProcessor.h">
      <Filter>Header Files</Filter>
    </ClInclude>
    <ClInclude Include="remote_server_action.h">
      <Filter>Header Files\Transmission</Filter>
    </ClInclude>
    <ClInclude Include="fifo_action_queue.h">
      <Filter>Header Files\Transmission</Filter>
    </ClInclude>
    <ClInclude Include="ThreadSafeQueue.h">
      <Filter>Header Files\MultiThreadClass</Filter>
    </ClInclude>
    <ClInclude Include="socket_session.h">
      <Filter>Header Files\Transmission</Filter>
    </ClInclude>
    <ClInclude Include="AccountMgr.h">
      <Filter>Header Files</Filter>
    </ClInclude>
    <ClInclude Include="LoadStrategies.h">
      <Filter>Header Files</Filter>
    </ClInclude>
  </ItemGroup>
  <ItemGroup>
    <ClCompile Include="stdafx.cpp">
      <Filter>Source Files</Filter>
    </ClCompile>
    <ClCompile Include="AutoTrader.cpp">
      <Filter>Source Files</Filter>
    </ClCompile>
    <ClCompile Include="mdspi.cpp">
      <Filter>Source Files</Filter>
    </ClCompile>
    <ClCompile Include="RealTimeDataProcessor.cpp">
      <Filter>Source Files</Filter>
    </ClCompile>
    <ClCompile Include="RealTimeDataProcessorPool.cpp">
      <Filter>Source Files</Filter>
    </ClCompile>
    <ClCompile Include="config.cpp">
      <Filter>Source Files</Filter>
    </ClCompile>
    <ClCompile Include="tradespi.cpp">
      <Filter>Source Files</Filter>
    </ClCompile>
    <ClCompile Include="InstrumentInfoMgr.cpp">
      <Filter>Source Files</Filter>
    </ClCompile>
    <ClCompile Include="socket_server_impl.cpp">
      <Filter>Source Files\Transmission</Filter>
    </ClCompile>
    <ClCompile Include="socket_server.cpp">
      <Filter>Source Files\Transmission</Filter>
    </ClCompile>
    <ClCompile Include="remote_user_action.cpp">
      <Filter>Source Files\Transmission</Filter>
    </ClCompile>
    <ClCompile Include="Account.cpp">
      <Filter>Source Files</Filter>
    </ClCompile>
    <ClCompile Include="ActionProcessor.cpp">
      <Filter>Source Files</Filter>
    </ClCompile>
    <ClCompile Include="remote_server_action.cpp">
      <Filter>Source Files\Transmission</Filter>
    </ClCompile>
    <ClCompile Include="fifo_action_queue.cpp">
      <Filter>Source Files\Transmission</Filter>
    </ClCompile>
    <ClCompile Include="socket_session.cpp">
      <Filter>Source Files\Transmission</Filter>
    </ClCompile>
    <ClCompile Include="AccountMgr.cpp">
      <Filter>Source Files</Filter>
    </ClCompile>
  </ItemGroup>
  <ItemGroup>
    <ResourceCompile Include="AutoTrader.rc">
      <Filter>Resource Files</Filter>
    </ResourceCompile>
  </ItemGroup>
</Project>